
Microsoft Visual Studio Solution File, Format Version 12.00
# Visual Studio Version 17
VisualStudioVersion = 17.12.35514.174 d17.12
MinimumVisualStudioVersion = 10.0.40219.1
Project("{FAE04EC0-301F-11D3-BF4B-00C04F79EFBC}") = "heroeApp", "heroeApp\heroeApp.csproj", "{7ED34DDF-8882-4A9A-95BD-659E3E6DDD08}"
EndProject
Global
	GlobalSection(SolutionConfigurationPlatforms) = preSolution
		Debug|Any CPU = Debug|Any CPU
		Release|Any CPU = Release|Any CPU
	EndGlobalSection
	GlobalSection(ProjectConfigurationPlatforms) = postSolution
		{7ED34DDF-8882-4A9A-95BD-659E3E6DDD08}.Debug|Any CPU.ActiveCfg = Debug|Any CPU
		{7ED34DDF-8882-4A9A-95BD-659E3E6DDD08}.Debug|Any CPU.Build.0 = Debug|Any CPU
		{7ED34DDF-8882-4A9A-95BD-659E3E6DDD08}.Release|Any CPU.ActiveCfg = Release|Any CPU
		{7ED34DDF-8882-4A9A-95BD-659E3E6DDD08}.Release|Any CPU.Build.0 = Release|Any CPU
	EndGlobalSection
	GlobalSection(SolutionProperties) = preSolution
		HideSolutionNode = FALSE
	EndGlobalSection
EndGlobal
